// !$*UTF8*$!
{
	archiveVersion = 1;
	classes = {
	};
	objectVersion = 46;
	objects = {

/* Begin PBXBuildFile section */
		1C83D2411BB2F73E00F9048F /* Helper.m in Sources */ = {isa = PBXBuildFile; fileRef = 1C83D2401BB2F73E00F9048F /* Helper.m */; };
		1C83D2441BB2FBBF00F9048F /* UIEvent+iOS8.m in Sources */ = {isa = PBXBuildFile; fileRef = 1C83D2431BB2FBBF00F9048F /* UIEvent+iOS8.m */; };
		3CCAF05E1A7A86A70023607E /* Launch Screen.xib in Resources */ = {isa = PBXBuildFile; fileRef = 3CCAF05D1A7A86A70023607E /* Launch Screen.xib */; };
		3CDB12801AE6EBD30066B9C5 /* Brush.m in Sources */ = {isa = PBXBuildFile; fileRef = 3CDB127F1AE6EBD30066B9C5 /* Brush.m */; };
		3CDB12811AE6EBD30066B9C5 /* Brush.m in Sources */ = {isa = PBXBuildFile; fileRef = 3CDB127F1AE6EBD30066B9C5 /* Brush.m */; };
		4D2273851D2A6AA4008AEE13 /* AdonitPrototypeViewController.m in Sources */ = {isa = PBXBuildFile; fileRef = 4D22737A1D2A6AA4008AEE13 /* AdonitPrototypeViewController.m */; };
		4D2273861D2A6AA4008AEE13 /* AdonitPrototypeOverlayViewController.m in Sources */ = {isa = PBXBuildFile; fileRef = 4D22737C1D2A6AA4008AEE13 /* AdonitPrototypeOverlayViewController.m */; };
		4D2273871D2A6AA4008AEE13 /* AdonitLineWidthView.m in Sources */ = {isa = PBXBuildFile; fileRef = 4D22737E1D2A6AA4008AEE13 /* AdonitLineWidthView.m */; };
		4D2273881D2A6AA4008AEE13 /* AdonitColorView.m in Sources */ = {isa = PBXBuildFile; fileRef = 4D2273801D2A6AA4008AEE13 /* AdonitColorView.m */; };
		4D2273891D2A6AA4008AEE13 /* AdonitVerticalSliderView.m in Sources */ = {isa = PBXBuildFile; fileRef = 4D2273821D2A6AA4008AEE13 /* AdonitVerticalSliderView.m */; };
		4D22738A1D2A6AA4008AEE13 /* AdonitSelectionView.m in Sources */ = {isa = PBXBuildFile; fileRef = 4D2273841D2A6AA4008AEE13 /* AdonitSelectionView.m */; };
		4D22738D1D2A6DC2008AEE13 /* BrushLibrary.swift in Sources */ = {isa = PBXBuildFile; fileRef = 4D22738C1D2A6DC2008AEE13 /* BrushLibrary.swift */; };
		4D2273911D2A6F65008AEE13 /* Colors.swift in Sources */ = {isa = PBXBuildFile; fileRef = 4D22738F1D2A6F65008AEE13 /* Colors.swift */; };
		4D2273921D2A6F65008AEE13 /* Numbers.swift in Sources */ = {isa = PBXBuildFile; fileRef = 4D2273901D2A6F65008AEE13 /* Numbers.swift */; };
		4D22739A1D2B597C008AEE13 /* ColorPaletteLibrary.swift in Sources */ = {isa = PBXBuildFile; fileRef = 4D2273991D2B597C008AEE13 /* ColorPaletteLibrary.swift */; };
		4DC541CC1D61BBD2008631C8 /* AdonitSDK.bundle in Resources */ = {isa = PBXBuildFile; fileRef = 4DC541CA1D61BBD2008631C8 /* AdonitSDK.bundle */; };
		4DC541CD1D61BBD2008631C8 /* AdonitSDK.framework in Frameworks */ = {isa = PBXBuildFile; fileRef = 4DC541CB1D61BBD2008631C8 /* AdonitSDK.framework */; };
		7717F9481A1CD859001706AE /* MainStoryboard.storyboard in Resources */ = {isa = PBXBuildFile; fileRef = 7717F9471A1CD859001706AE /* MainStoryboard.storyboard */; };
		7747EC821A1BDC9700D18429 /* main.m in Sources */ = {isa = PBXBuildFile; fileRef = 7747EC811A1BDC9700D18429 /* main.m */; };
		7747EC851A1BDC9700D18429 /* AppDelegate.m in Sources */ = {isa = PBXBuildFile; fileRef = 7747EC841A1BDC9700D18429 /* AppDelegate.m */; };
		7747EC881A1BDC9700D18429 /* ViewController.m in Sources */ = {isa = PBXBuildFile; fileRef = 7747EC871A1BDC9700D18429 /* ViewController.m */; };
		7747EC8D1A1BDC9700D18429 /* Images.xcassets in Resources */ = {isa = PBXBuildFile; fileRef = 7747EC8C1A1BDC9700D18429 /* Images.xcassets */; };
		7747EC9C1A1BDC9800D18429 /* JotTouchExampleTests.m in Sources */ = {isa = PBXBuildFile; fileRef = 7747EC9B1A1BDC9800D18429 /* JotTouchExampleTests.m */; };
		7747ECC01A1BDED100D18429 /* AbstractBezierPathElement.m in Sources */ = {isa = PBXBuildFile; fileRef = 7747ECA81A1BDED100D18429 /* AbstractBezierPathElement.m */; };
		7747ECC11A1BDED100D18429 /* CanvasView.m in Sources */ = {isa = PBXBuildFile; fileRef = 7747ECAA1A1BDED100D18429 /* CanvasView.m */; };
		7747ECC21A1BDED100D18429 /* CurveToPathElement.m in Sources */ = {isa = PBXBuildFile; fileRef = 7747ECAD1A1BDED100D18429 /* CurveToPathElement.m */; };
		7747ECC41A1BDED100D18429 /* JotStatusIndicatorView.m in Sources */ = {isa = PBXBuildFile; fileRef = 7747ECB11A1BDED100D18429 /* JotStatusIndicatorView.m */; };
		7747ECC51A1BDED100D18429 /* JotTouchStatusHUD.m in Sources */ = {isa = PBXBuildFile; fileRef = 7747ECB31A1BDED100D18429 /* JotTouchStatusHUD.m */; };
		7747ECC61A1BDED100D18429 /* LineToPathElement.m in Sources */ = {isa = PBXBuildFile; fileRef = 7747ECB51A1BDED100D18429 /* LineToPathElement.m */; };
		7747ECC71A1BDED100D18429 /* MoveToPathElement.m in Sources */ = {isa = PBXBuildFile; fileRef = 7747ECB71A1BDED100D18429 /* MoveToPathElement.m */; };
		7747ECC81A1BDED100D18429 /* SegmentSmoother.m in Sources */ = {isa = PBXBuildFile; fileRef = 7747ECB91A1BDED100D18429 /* SegmentSmoother.m */; };
		7747ECC91A1BDED100D18429 /* SmoothStroke.m in Sources */ = {isa = PBXBuildFile; fileRef = 7747ECBB1A1BDED100D18429 /* SmoothStroke.m */; };
		7747ECCA1A1BDED100D18429 /* StylusSettingsButton.m in Sources */ = {isa = PBXBuildFile; fileRef = 7747ECBD1A1BDED100D18429 /* StylusSettingsButton.m */; };
		7747ECCB1A1BDED100D18429 /* UIColor+Components.m in Sources */ = {isa = PBXBuildFile; fileRef = 7747ECBF1A1BDED100D18429 /* UIColor+Components.m */; };
		7747ECD01A1BDF2900D18429 /* CoreMotion.framework in Frameworks */ = {isa = PBXBuildFile; fileRef = 7747ECCF1A1BDF2900D18429 /* CoreMotion.framework */; };
		7747ECD21A1BDF3B00D18429 /* CoreBluetooth.framework in Frameworks */ = {isa = PBXBuildFile; fileRef = 7747ECD11A1BDF3B00D18429 /* CoreBluetooth.framework */; };
		7747ECD41A1BDF4F00D18429 /* SystemConfiguration.framework in Frameworks */ = {isa = PBXBuildFile; fileRef = 7747ECD31A1BDF4F00D18429 /* SystemConfiguration.framework */; };
/* End PBXBuildFile section */

/* Begin PBXContainerItemProxy section */
		7747EC961A1BDC9800D18429 /* PBXContainerItemProxy */ = {
			isa = PBXContainerItemProxy;
			containerPortal = 7747EC741A1BDC9700D18429 /* Project object */;
			proxyType = 1;
			remoteGlobalIDString = 7747EC7B1A1BDC9700D18429;
			remoteInfo = JotTouchExample;
		};
/* End PBXContainerItemProxy section */

/* Begin PBXFileReference section */
		1C83D23F1BB2F73E00F9048F /* Helper.h */ = {isa = PBXFileReference; fileEncoding = 4; lastKnownFileType = sourcecode.c.h; path = Helper.h; sourceTree = "<group>"; };
		1C83D2401BB2F73E00F9048F /* Helper.m */ = {isa = PBXFileReference; fileEncoding = 4; lastKnownFileType = sourcecode.c.objc; path = Helper.m; sourceTree = "<group>"; };
		1C83D2421BB2FBBF00F9048F /* UIEvent+iOS8.h */ = {isa = PBXFileReference; fileEncoding = 4; lastKnownFileType = sourcecode.c.h; path = "UIEvent+iOS8.h"; sourceTree = "<group>"; };
		1C83D2431BB2FBBF00F9048F /* UIEvent+iOS8.m */ = {isa = PBXFileReference; fileEncoding = 4; lastKnownFileType = sourcecode.c.objc; path = "UIEvent+iOS8.m"; sourceTree = "<group>"; };
		3CCAF05D1A7A86A70023607E /* Launch Screen.xib */ = {isa = PBXFileReference; fileEncoding = 4; lastKnownFileType = file.xib; path = "Launch Screen.xib"; sourceTree = "<group>"; };
		3CDB127E1AE6EBD30066B9C5 /* Brush.h */ = {isa = PBXFileReference; fileEncoding = 4; lastKnownFileType = sourcecode.c.h; path = Brush.h; sourceTree = "<group>"; };
		3CDB127F1AE6EBD30066B9C5 /* Brush.m */ = {isa = PBXFileReference; fileEncoding = 4; lastKnownFileType = sourcecode.c.objc; path = Brush.m; sourceTree = "<group>"; };
		4D2273791D2A6AA4008AEE13 /* AdonitPrototypeViewController.h */ = {isa = PBXFileReference; fileEncoding = 4; lastKnownFileType = sourcecode.c.h; path = AdonitPrototypeViewController.h; sourceTree = "<group>"; };
		4D22737A1D2A6AA4008AEE13 /* AdonitPrototypeViewController.m */ = {isa = PBXFileReference; fileEncoding = 4; lastKnownFileType = sourcecode.c.objc; path = AdonitPrototypeViewController.m; sourceTree = "<group>"; };
		4D22737B1D2A6AA4008AEE13 /* AdonitPrototypeOverlayViewController.h */ = {isa = PBXFileReference; fileEncoding = 4; lastKnownFileType = sourcecode.c.h; path = AdonitPrototypeOverlayViewController.h; sourceTree = "<group>"; };
		4D22737C1D2A6AA4008AEE13 /* AdonitPrototypeOverlayViewController.m */ = {isa = PBXFileReference; fileEncoding = 4; lastKnownFileType = sourcecode.c.objc; path = AdonitPrototypeOverlayViewController.m; sourceTree = "<group>"; };
		4D22737D1D2A6AA4008AEE13 /* AdonitLineWidthView.h */ = {isa = PBXFileReference; fileEncoding = 4; lastKnownFileType = sourcecode.c.h; path = AdonitLineWidthView.h; sourceTree = "<group>"; };
		4D22737E1D2A6AA4008AEE13 /* AdonitLineWidthView.m */ = {isa = PBXFileReference; fileEncoding = 4; lastKnownFileType = sourcecode.c.objc; path = AdonitLineWidthView.m; sourceTree = "<group>"; };
		4D22737F1D2A6AA4008AEE13 /* AdonitColorView.h */ = {isa = PBXFileReference; fileEncoding = 4; lastKnownFileType = sourcecode.c.h; path = AdonitColorView.h; sourceTree = "<group>"; };
		4D2273801D2A6AA4008AEE13 /* AdonitColorView.m */ = {isa = PBXFileReference; fileEncoding = 4; lastKnownFileType = sourcecode.c.objc; path = AdonitColorView.m; sourceTree = "<group>"; };
		4D2273811D2A6AA4008AEE13 /* AdonitVerticalSliderView.h */ = {isa = PBXFileReference; fileEncoding = 4; lastKnownFileType = sourcecode.c.h; path = AdonitVerticalSliderView.h; sourceTree = "<group>"; };
		4D2273821D2A6AA4008AEE13 /* AdonitVerticalSliderView.m */ = {isa = PBXFileReference; fileEncoding = 4; lastKnownFileType = sourcecode.c.objc; path = AdonitVerticalSliderView.m; sourceTree = "<group>"; };
		4D2273831D2A6AA4008AEE13 /* AdonitSelectionView.h */ = {isa = PBXFileReference; fileEncoding = 4; lastKnownFileType = sourcecode.c.h; path = AdonitSelectionView.h; sourceTree = "<group>"; };
		4D2273841D2A6AA4008AEE13 /* AdonitSelectionView.m */ = {isa = PBXFileReference; fileEncoding = 4; lastKnownFileType = sourcecode.c.objc; path = AdonitSelectionView.m; sourceTree = "<group>"; };
		4D22738B1D2A6DC2008AEE13 /* JotWorkshop-Bridging-Header.h */ = {isa = PBXFileReference; lastKnownFileType = sourcecode.c.h; path = "JotWorkshop-Bridging-Header.h"; sourceTree = "<group>"; };
		4D22738C1D2A6DC2008AEE13 /* BrushLibrary.swift */ = {isa = PBXFileReference; fileEncoding = 4; lastKnownFileType = sourcecode.swift; path = BrushLibrary.swift; sourceTree = "<group>"; };
		4D22738F1D2A6F65008AEE13 /* Colors.swift */ = {isa = PBXFileReference; fileEncoding = 4; lastKnownFileType = sourcecode.swift; path = Colors.swift; sourceTree = "<group>"; };
		4D2273901D2A6F65008AEE13 /* Numbers.swift */ = {isa = PBXFileReference; fileEncoding = 4; lastKnownFileType = sourcecode.swift; path = Numbers.swift; sourceTree = "<group>"; };
		4D2273991D2B597C008AEE13 /* ColorPaletteLibrary.swift */ = {isa = PBXFileReference; fileEncoding = 4; lastKnownFileType = sourcecode.swift; path = ColorPaletteLibrary.swift; sourceTree = "<group>"; };
		4D810F721D24CC1D00DBCCDA /* UIKit.framework */ = {isa = PBXFileReference; lastKnownFileType = wrapper.framework; name = UIKit.framework; path = System/Library/Frameworks/UIKit.framework; sourceTree = SDKROOT; };
		4D810F741D24CC4300DBCCDA /* Foundation.framework */ = {isa = PBXFileReference; lastKnownFileType = wrapper.framework; name = Foundation.framework; path = System/Library/Frameworks/Foundation.framework; sourceTree = SDKROOT; };
		4D810F761D24CC5D00DBCCDA /* CoreGraphics.framework */ = {isa = PBXFileReference; lastKnownFileType = wrapper.framework; name = CoreGraphics.framework; path = System/Library/Frameworks/CoreGraphics.framework; sourceTree = SDKROOT; };
		4DC541CA1D61BBD2008631C8 /* AdonitSDK.bundle */ = {isa = PBXFileReference; lastKnownFileType = "wrapper.plug-in"; path = AdonitSDK.bundle; sourceTree = "<group>"; };
		4DC541CB1D61BBD2008631C8 /* AdonitSDK.framework */ = {isa = PBXFileReference; lastKnownFileType = wrapper.framework; path = AdonitSDK.framework; sourceTree = "<group>"; };
		7717F9471A1CD859001706AE /* MainStoryboard.storyboard */ = {isa = PBXFileReference; fileEncoding = 4; lastKnownFileType = file.storyboard; path = MainStoryboard.storyboard; sourceTree = "<group>"; };
		7747EC7C1A1BDC9700D18429 /* JotWorkshop.app */ = {isa = PBXFileReference; explicitFileType = wrapper.application; includeInIndex = 0; path = JotWorkshop.app; sourceTree = BUILT_PRODUCTS_DIR; };
		7747EC801A1BDC9700D18429 /* Info.plist */ = {isa = PBXFileReference; lastKnownFileType = text.plist.xml; path = Info.plist; sourceTree = "<group>"; };
		7747EC811A1BDC9700D18429 /* main.m */ = {isa = PBXFileReference; lastKnownFileType = sourcecode.c.objc; path = main.m; sourceTree = "<group>"; };
		7747EC831A1BDC9700D18429 /* AppDelegate.h */ = {isa = PBXFileReference; lastKnownFileType = sourcecode.c.h; path = AppDelegate.h; sourceTree = "<group>"; };
		7747EC841A1BDC9700D18429 /* AppDelegate.m */ = {isa = PBXFileReference; lastKnownFileType = sourcecode.c.objc; path = AppDelegate.m; sourceTree = "<group>"; };
		7747EC861A1BDC9700D18429 /* ViewController.h */ = {isa = PBXFileReference; lastKnownFileType = sourcecode.c.h; path = ViewController.h; sourceTree = "<group>"; };
		7747EC871A1BDC9700D18429 /* ViewController.m */ = {isa = PBXFileReference; lastKnownFileType = sourcecode.c.objc; path = ViewController.m; sourceTree = "<group>"; };
		7747EC8C1A1BDC9700D18429 /* Images.xcassets */ = {isa = PBXFileReference; lastKnownFileType = folder.assetcatalog; path = Images.xcassets; sourceTree = "<group>"; };
		7747EC951A1BDC9800D18429 /* JotTouchExampleTests.xctest */ = {isa = PBXFileReference; explicitFileType = wrapper.cfbundle; includeInIndex = 0; path = JotTouchExampleTests.xctest; sourceTree = BUILT_PRODUCTS_DIR; };
		7747EC9A1A1BDC9800D18429 /* Info.plist */ = {isa = PBXFileReference; lastKnownFileType = text.plist.xml; path = Info.plist; sourceTree = "<group>"; };
		7747EC9B1A1BDC9800D18429 /* JotTouchExampleTests.m */ = {isa = PBXFileReference; lastKnownFileType = sourcecode.c.objc; path = JotTouchExampleTests.m; sourceTree = "<group>"; };
		7747ECA71A1BDED100D18429 /* AbstractBezierPathElement.h */ = {isa = PBXFileReference; fileEncoding = 4; lastKnownFileType = sourcecode.c.h; path = AbstractBezierPathElement.h; sourceTree = "<group>"; };
		7747ECA81A1BDED100D18429 /* AbstractBezierPathElement.m */ = {isa = PBXFileReference; fileEncoding = 4; lastKnownFileType = sourcecode.c.objc; path = AbstractBezierPathElement.m; sourceTree = "<group>"; };
		7747ECA91A1BDED100D18429 /* CanvasView.h */ = {isa = PBXFileReference; fileEncoding = 4; lastKnownFileType = sourcecode.c.h; path = CanvasView.h; sourceTree = "<group>"; };
		7747ECAA1A1BDED100D18429 /* CanvasView.m */ = {isa = PBXFileReference; fileEncoding = 4; lastKnownFileType = sourcecode.c.objc; path = CanvasView.m; sourceTree = "<group>"; };
		7747ECAC1A1BDED100D18429 /* CurveToPathElement.h */ = {isa = PBXFileReference; fileEncoding = 4; lastKnownFileType = sourcecode.c.h; path = CurveToPathElement.h; sourceTree = "<group>"; };
		7747ECAD1A1BDED100D18429 /* CurveToPathElement.m */ = {isa = PBXFileReference; fileEncoding = 4; lastKnownFileType = sourcecode.c.objc; path = CurveToPathElement.m; sourceTree = "<group>"; };
		7747ECB01A1BDED100D18429 /* JotStatusIndicatorView.h */ = {isa = PBXFileReference; fileEncoding = 4; lastKnownFileType = sourcecode.c.h; path = JotStatusIndicatorView.h; sourceTree = "<group>"; };
		7747ECB11A1BDED100D18429 /* JotStatusIndicatorView.m */ = {isa = PBXFileReference; fileEncoding = 4; lastKnownFileType = sourcecode.c.objc; path = JotStatusIndicatorView.m; sourceTree = "<group>"; };
		7747ECB21A1BDED100D18429 /* JotTouchStatusHUD.h */ = {isa = PBXFileReference; fileEncoding = 4; lastKnownFileType = sourcecode.c.h; path = JotTouchStatusHUD.h; sourceTree = "<group>"; };
		7747ECB31A1BDED100D18429 /* JotTouchStatusHUD.m */ = {isa = PBXFileReference; fileEncoding = 4; lastKnownFileType = sourcecode.c.objc; path = JotTouchStatusHUD.m; sourceTree = "<group>"; };
		7747ECB41A1BDED100D18429 /* LineToPathElement.h */ = {isa = PBXFileReference; fileEncoding = 4; lastKnownFileType = sourcecode.c.h; path = LineToPathElement.h; sourceTree = "<group>"; };
		7747ECB51A1BDED100D18429 /* LineToPathElement.m */ = {isa = PBXFileReference; fileEncoding = 4; lastKnownFileType = sourcecode.c.objc; path = LineToPathElement.m; sourceTree = "<group>"; };
		7747ECB61A1BDED100D18429 /* MoveToPathElement.h */ = {isa = PBXFileReference; fileEncoding = 4; lastKnownFileType = sourcecode.c.h; path = MoveToPathElement.h; sourceTree = "<group>"; };
		7747ECB71A1BDED100D18429 /* MoveToPathElement.m */ = {isa = PBXFileReference; fileEncoding = 4; lastKnownFileType = sourcecode.c.objc; path = MoveToPathElement.m; sourceTree = "<group>"; };
		7747ECB81A1BDED100D18429 /* SegmentSmoother.h */ = {isa = PBXFileReference; fileEncoding = 4; lastKnownFileType = sourcecode.c.h; path = SegmentSmoother.h; sourceTree = "<group>"; };
		7747ECB91A1BDED100D18429 /* SegmentSmoother.m */ = {isa = PBXFileReference; fileEncoding = 4; lastKnownFileType = sourcecode.c.objc; path = SegmentSmoother.m; sourceTree = "<group>"; };
		7747ECBA1A1BDED100D18429 /* SmoothStroke.h */ = {isa = PBXFileReference; fileEncoding = 4; lastKnownFileType = sourcecode.c.h; path = SmoothStroke.h; sourceTree = "<group>"; };
		7747ECBB1A1BDED100D18429 /* SmoothStroke.m */ = {isa = PBXFileReference; fileEncoding = 4; lastKnownFileType = sourcecode.c.objc; path = SmoothStroke.m; sourceTree = "<group>"; };
		7747ECBC1A1BDED100D18429 /* StylusSettingsButton.h */ = {isa = PBXFileReference; fileEncoding = 4; lastKnownFileType = sourcecode.c.h; path = StylusSettingsButton.h; sourceTree = "<group>"; };
		7747ECBD1A1BDED100D18429 /* StylusSettingsButton.m */ = {isa = PBXFileReference; fileEncoding = 4; lastKnownFileType = sourcecode.c.objc; path = StylusSettingsButton.m; sourceTree = "<group>"; };
		7747ECBE1A1BDED100D18429 /* UIColor+Components.h */ = {isa = PBXFileReference; fileEncoding = 4; lastKnownFileType = sourcecode.c.h; path = "UIColor+Components.h"; sourceTree = "<group>"; };
		7747ECBF1A1BDED100D18429 /* UIColor+Components.m */ = {isa = PBXFileReference; fileEncoding = 4; lastKnownFileType = sourcecode.c.objc; path = "UIColor+Components.m"; sourceTree = "<group>"; };
		7747ECCF1A1BDF2900D18429 /* CoreMotion.framework */ = {isa = PBXFileReference; lastKnownFileType = wrapper.framework; name = CoreMotion.framework; path = System/Library/Frameworks/CoreMotion.framework; sourceTree = SDKROOT; };
		7747ECD11A1BDF3B00D18429 /* CoreBluetooth.framework */ = {isa = PBXFileReference; lastKnownFileType = wrapper.framework; name = CoreBluetooth.framework; path = System/Library/Frameworks/CoreBluetooth.framework; sourceTree = SDKROOT; };
		7747ECD31A1BDF4F00D18429 /* SystemConfiguration.framework */ = {isa = PBXFileReference; lastKnownFileType = wrapper.framework; name = SystemConfiguration.framework; path = System/Library/Frameworks/SystemConfiguration.framework; sourceTree = SDKROOT; };
/* End PBXFileReference section */

/* Begin PBXFrameworksBuildPhase section */
		7747EC791A1BDC9700D18429 /* Frameworks */ = {
			isa = PBXFrameworksBuildPhase;
			buildActionMask = 2147483647;
			files = (
				4DC541CD1D61BBD2008631C8 /* AdonitSDK.framework in Frameworks */,
				7747ECD41A1BDF4F00D18429 /* SystemConfiguration.framework in Frameworks */,
				7747ECD21A1BDF3B00D18429 /* CoreBluetooth.framework in Frameworks */,
				7747ECD01A1BDF2900D18429 /* CoreMotion.framework in Frameworks */,
			);
			runOnlyForDeploymentPostprocessing = 0;
		};
		7747EC921A1BDC9800D18429 /* Frameworks */ = {
			isa = PBXFrameworksBuildPhase;
			buildActionMask = 2147483647;
			files = (
			);
			runOnlyForDeploymentPostprocessing = 0;
		};
/* End PBXFrameworksBuildPhase section */

/* Begin PBXGroup section */
		3CAEF9641BC84525001B18A5 /* Path Elements */ = {
			isa = PBXGroup;
			children = (
				7747ECA71A1BDED100D18429 /* AbstractBezierPathElement.h */,
				7747ECA81A1BDED100D18429 /* AbstractBezierPathElement.m */,
				7747ECB61A1BDED100D18429 /* MoveToPathElement.h */,
				7747ECB71A1BDED100D18429 /* MoveToPathElement.m */,
				7747ECB41A1BDED100D18429 /* LineToPathElement.h */,
				7747ECB51A1BDED100D18429 /* LineToPathElement.m */,
				7747ECAC1A1BDED100D18429 /* CurveToPathElement.h */,
				7747ECAD1A1BDED100D18429 /* CurveToPathElement.m */,
			);
			name = "Path Elements";
			sourceTree = "<group>";
		};
		3CAEF9681BC8456D001B18A5 /* Drawing Engine / Line Interpolation */ = {
			isa = PBXGroup;
			children = (
				3CDB127E1AE6EBD30066B9C5 /* Brush.h */,
				3CDB127F1AE6EBD30066B9C5 /* Brush.m */,
				7747ECB81A1BDED100D18429 /* SegmentSmoother.h */,
				7747ECB91A1BDED100D18429 /* SegmentSmoother.m */,
				7747ECBA1A1BDED100D18429 /* SmoothStroke.h */,
				7747ECBB1A1BDED100D18429 /* SmoothStroke.m */,
				3CAEF9641BC84525001B18A5 /* Path Elements */,
				7747ECBE1A1BDED100D18429 /* UIColor+Components.h */,
				7747ECBF1A1BDED100D18429 /* UIColor+Components.m */,
			);
			name = "Drawing Engine / Line Interpolation";
			sourceTree = "<group>";
		};
		3CAEF96A1BC847AC001B18A5 /* Interface / Storyboards */ = {
			isa = PBXGroup;
			children = (
				4D22738C1D2A6DC2008AEE13 /* BrushLibrary.swift */,
				4D2273991D2B597C008AEE13 /* ColorPaletteLibrary.swift */,
				3CCAF05D1A7A86A70023607E /* Launch Screen.xib */,
				7717F9471A1CD859001706AE /* MainStoryboard.storyboard */,
				7747ECBC1A1BDED100D18429 /* StylusSettingsButton.h */,
				7747ECBD1A1BDED100D18429 /* StylusSettingsButton.m */,
				7747ECB01A1BDED100D18429 /* JotStatusIndicatorView.h */,
				7747ECB11A1BDED100D18429 /* JotStatusIndicatorView.m */,
				7747ECB21A1BDED100D18429 /* JotTouchStatusHUD.h */,
				7747ECB31A1BDED100D18429 /* JotTouchStatusHUD.m */,
				4D22738B1D2A6DC2008AEE13 /* JotWorkshop-Bridging-Header.h */,
			);
			name = "Interface / Storyboards";
			sourceTree = "<group>";
		};
		4D2273781D2A6A91008AEE13 /* Prototypes */ = {
			isa = PBXGroup;
			children = (
				4D2273791D2A6AA4008AEE13 /* AdonitPrototypeViewController.h */,
				4D22737A1D2A6AA4008AEE13 /* AdonitPrototypeViewController.m */,
				4D22737B1D2A6AA4008AEE13 /* AdonitPrototypeOverlayViewController.h */,
				4D22737C1D2A6AA4008AEE13 /* AdonitPrototypeOverlayViewController.m */,
				4D22737D1D2A6AA4008AEE13 /* AdonitLineWidthView.h */,
				4D22737E1D2A6AA4008AEE13 /* AdonitLineWidthView.m */,
				4D22737F1D2A6AA4008AEE13 /* AdonitColorView.h */,
				4D2273801D2A6AA4008AEE13 /* AdonitColorView.m */,
				4D2273811D2A6AA4008AEE13 /* AdonitVerticalSliderView.h */,
				4D2273821D2A6AA4008AEE13 /* AdonitVerticalSliderView.m */,
				4D2273831D2A6AA4008AEE13 /* AdonitSelectionView.h */,
				4D2273841D2A6AA4008AEE13 /* AdonitSelectionView.m */,
			);
			name = Prototypes;
			sourceTree = "<group>";
		};
		4D22738E1D2A6F58008AEE13 /* Swift Extensions */ = {
			isa = PBXGroup;
			children = (
				4D22738F1D2A6F65008AEE13 /* Colors.swift */,
				4D2273901D2A6F65008AEE13 /* Numbers.swift */,
			);
			name = "Swift Extensions";
			sourceTree = "<group>";
		};
		7747EC731A1BDC9700D18429 = {
			isa = PBXGroup;
			children = (
				4D810F761D24CC5D00DBCCDA /* CoreGraphics.framework */,
				4D810F741D24CC4300DBCCDA /* Foundation.framework */,
				4D810F721D24CC1D00DBCCDA /* UIKit.framework */,
				7747EC7E1A1BDC9700D18429 /* JotTouchExample */,
				7747EC981A1BDC9800D18429 /* JotTouchExampleTests */,
				7747EC7D1A1BDC9700D18429 /* Products */,
			);
			sourceTree = "<group>";
		};
		7747EC7D1A1BDC9700D18429 /* Products */ = {
			isa = PBXGroup;
			children = (
				7747EC7C1A1BDC9700D18429 /* JotWorkshop.app */,
				7747EC951A1BDC9800D18429 /* JotTouchExampleTests.xctest */,
			);
			name = Products;
			sourceTree = "<group>";
		};
		7747EC7E1A1BDC9700D18429 /* JotTouchExample */ = {
			isa = PBXGroup;
			children = (
				4D2273781D2A6A91008AEE13 /* Prototypes */,
				7747EC861A1BDC9700D18429 /* ViewController.h */,
				7747EC871A1BDC9700D18429 /* ViewController.m */,
				7747ECA91A1BDED100D18429 /* CanvasView.h */,
				7747ECAA1A1BDED100D18429 /* CanvasView.m */,
				3CAEF96A1BC847AC001B18A5 /* Interface / Storyboards */,
				3CAEF9681BC8456D001B18A5 /* Drawing Engine / Line Interpolation */,
				7747ECCE1A1BDF1100D18429 /* Frameworks */,
				7747EC7F1A1BDC9700D18429 /* Supporting Files */,
			);
			path = JotTouchExample;
			sourceTree = "<group>";
		};
		7747EC7F1A1BDC9700D18429 /* Supporting Files */ = {
			isa = PBXGroup;
			children = (
				4D22738E1D2A6F58008AEE13 /* Swift Extensions */,
				7747EC831A1BDC9700D18429 /* AppDelegate.h */,
				7747EC841A1BDC9700D18429 /* AppDelegate.m */,
				1C83D23F1BB2F73E00F9048F /* Helper.h */,
				1C83D2401BB2F73E00F9048F /* Helper.m */,
				1C83D2421BB2FBBF00F9048F /* UIEvent+iOS8.h */,
				1C83D2431BB2FBBF00F9048F /* UIEvent+iOS8.m */,
				7747EC8C1A1BDC9700D18429 /* Images.xcassets */,
				7747EC801A1BDC9700D18429 /* Info.plist */,
				7747EC811A1BDC9700D18429 /* main.m */,
			);
			name = "Supporting Files";
			sourceTree = "<group>";
		};
		7747EC981A1BDC9800D18429 /* JotTouchExampleTests */ = {
			isa = PBXGroup;
			children = (
				7747EC9B1A1BDC9800D18429 /* JotTouchExampleTests.m */,
				7747EC991A1BDC9800D18429 /* Supporting Files */,
			);
			path = JotTouchExampleTests;
			sourceTree = "<group>";
		};
		7747EC991A1BDC9800D18429 /* Supporting Files */ = {
			isa = PBXGroup;
			children = (
				7747EC9A1A1BDC9800D18429 /* Info.plist */,
			);
			name = "Supporting Files";
			sourceTree = "<group>";
		};
		7747ECCE1A1BDF1100D18429 /* Frameworks */ = {
			isa = PBXGroup;
			children = (
				4DC541CA1D61BBD2008631C8 /* AdonitSDK.bundle */,
				4DC541CB1D61BBD2008631C8 /* AdonitSDK.framework */,
				7747ECD11A1BDF3B00D18429 /* CoreBluetooth.framework */,
				7747ECCF1A1BDF2900D18429 /* CoreMotion.framework */,
				7747ECD31A1BDF4F00D18429 /* SystemConfiguration.framework */,
			);
			name = Frameworks;
			path = JotTouchExample;
			sourceTree = SOURCE_ROOT;
		};
/* End PBXGroup section */

/* Begin PBXNativeTarget section */
		7747EC7B1A1BDC9700D18429 /* JotWorkshop */ = {
			isa = PBXNativeTarget;
			buildConfigurationList = 7747EC9F1A1BDC9800D18429 /* Build configuration list for PBXNativeTarget "JotWorkshop" */;
			buildPhases = (
				7747EC781A1BDC9700D18429 /* Sources */,
				7747EC791A1BDC9700D18429 /* Frameworks */,
				7747EC7A1A1BDC9700D18429 /* Resources */,
				77E2E70E1A5C41AE00D0F850 /* Warn on TODOs and FIXMEs */,
			);
			buildRules = (
			);
			dependencies = (
			);
			name = JotWorkshop;
			productName = JotTouchExample;
			productReference = 7747EC7C1A1BDC9700D18429 /* JotWorkshop.app */;
			productType = "com.apple.product-type.application";
		};
		7747EC941A1BDC9800D18429 /* JotTouchExampleTests */ = {
			isa = PBXNativeTarget;
			buildConfigurationList = 7747ECA21A1BDC9800D18429 /* Build configuration list for PBXNativeTarget "JotTouchExampleTests" */;
			buildPhases = (
				7747EC911A1BDC9800D18429 /* Sources */,
				7747EC921A1BDC9800D18429 /* Frameworks */,
				7747EC931A1BDC9800D18429 /* Resources */,
			);
			buildRules = (
			);
			dependencies = (
				7747EC971A1BDC9800D18429 /* PBXTargetDependency */,
			);
			name = JotTouchExampleTests;
			productName = JotTouchExampleTests;
			productReference = 7747EC951A1BDC9800D18429 /* JotTouchExampleTests.xctest */;
			productType = "com.apple.product-type.bundle.unit-test";
		};
/* End PBXNativeTarget section */

/* Begin PBXProject section */
		7747EC741A1BDC9700D18429 /* Project object */ = {
			isa = PBXProject;
			attributes = {
				LastSwiftUpdateCheck = 0730;
				LastUpgradeCheck = 0700;
				ORGANIZATIONNAME = "Adonit, USA";
				TargetAttributes = {
					7747EC7B1A1BDC9700D18429 = {
						CreatedOnToolsVersion = 6.1;
					};
					7747EC941A1BDC9800D18429 = {
						CreatedOnToolsVersion = 6.1;
						TestTargetID = 7747EC7B1A1BDC9700D18429;
					};
				};
			};
			buildConfigurationList = 7747EC771A1BDC9700D18429 /* Build configuration list for PBXProject "JotTouchExample" */;
			compatibilityVersion = "Xcode 3.2";
			developmentRegion = English;
			hasScannedForEncodings = 0;
			knownRegions = (
				en,
				Base,
			);
			mainGroup = 7747EC731A1BDC9700D18429;
			productRefGroup = 7747EC7D1A1BDC9700D18429 /* Products */;
			projectDirPath = "";
			projectRoot = "";
			targets = (
				7747EC7B1A1BDC9700D18429 /* JotWorkshop */,
				7747EC941A1BDC9800D18429 /* JotTouchExampleTests */,
			);
		};
/* End PBXProject section */

/* Begin PBXResourcesBuildPhase section */
		7747EC7A1A1BDC9700D18429 /* Resources */ = {
			isa = PBXResourcesBuildPhase;
			buildActionMask = 2147483647;
			files = (
				7717F9481A1CD859001706AE /* MainStoryboard.storyboard in Resources */,
				4DC541CC1D61BBD2008631C8 /* AdonitSDK.bundle in Resources */,
				3CCAF05E1A7A86A70023607E /* Launch Screen.xib in Resources */,
				7747EC8D1A1BDC9700D18429 /* Images.xcassets in Resources */,
			);
			runOnlyForDeploymentPostprocessing = 0;
		};
		7747EC931A1BDC9800D18429 /* Resources */ = {
			isa = PBXResourcesBuildPhase;
			buildActionMask = 2147483647;
			files = (
			);
			runOnlyForDeploymentPostprocessing = 0;
		};
/* End PBXResourcesBuildPhase section */

/* Begin PBXShellScriptBuildPhase section */
		77E2E70E1A5C41AE00D0F850 /* Warn on TODOs and FIXMEs */ = {
			isa = PBXShellScriptBuildPhase;
			buildActionMask = 2147483647;
			files = (
			);
			inputPaths = (
			);
			name = "Warn on TODOs and FIXMEs";
			outputPaths = (
			);
			runOnlyForDeploymentPostprocessing = 0;
			shellPath = /bin/sh;
			shellScript = "KEYWORDS=\"TODO:|FIXME:|\\?\\?\\?:|\\!\\!\\!:\"\nfind \"${SRCROOT}\" \\( -name \"*.h\" -or -name \"*.m\" \\) -print0 | xargs -0 egrep --with-filename --line-number --only-matching \"($KEYWORDS).*\\$\" | perl -p -e \"s/($KEYWORDS)/ warning: \\$1/\"";
		};
/* End PBXShellScriptBuildPhase section */

/* Begin PBXSourcesBuildPhase section */
		7747EC781A1BDC9700D18429 /* Sources */ = {
			isa = PBXSourcesBuildPhase;
			buildActionMask = 2147483647;
			files = (
				7747EC881A1BDC9700D18429 /* ViewController.m in Sources */,
				4D2273881D2A6AA4008AEE13 /* AdonitColorView.m in Sources */,
				7747EC851A1BDC9700D18429 /* AppDelegate.m in Sources */,
				7747ECCA1A1BDED100D18429 /* StylusSettingsButton.m in Sources */,
				7747ECC21A1BDED100D18429 /* CurveToPathElement.m in Sources */,
				7747ECC51A1BDED100D18429 /* JotTouchStatusHUD.m in Sources */,
				4D2273911D2A6F65008AEE13 /* Colors.swift in Sources */,
				4D22739A1D2B597C008AEE13 /* ColorPaletteLibrary.swift in Sources */,
				1C83D2441BB2FBBF00F9048F /* UIEvent+iOS8.m in Sources */,
				4D2273921D2A6F65008AEE13 /* Numbers.swift in Sources */,
				7747ECC81A1BDED100D18429 /* SegmentSmoother.m in Sources */,
				7747ECC61A1BDED100D18429 /* LineToPathElement.m in Sources */,
				4D22738A1D2A6AA4008AEE13 /* AdonitSelectionView.m in Sources */,
				7747ECC91A1BDED100D18429 /* SmoothStroke.m in Sources */,
				7747ECC71A1BDED100D18429 /* MoveToPathElement.m in Sources */,
				4D2273851D2A6AA4008AEE13 /* AdonitPrototypeViewController.m in Sources */,
				3CDB12801AE6EBD30066B9C5 /* Brush.m in Sources */,
				4D22738D1D2A6DC2008AEE13 /* BrushLibrary.swift in Sources */,
				1C83D2411BB2F73E00F9048F /* Helper.m in Sources */,
				7747ECC41A1BDED100D18429 /* JotStatusIndicatorView.m in Sources */,
				7747ECCB1A1BDED100D18429 /* UIColor+Components.m in Sources */,
				7747ECC01A1BDED100D18429 /* AbstractBezierPathElement.m in Sources */,
				4D2273861D2A6AA4008AEE13 /* AdonitPrototypeOverlayViewController.m in Sources */,
				7747EC821A1BDC9700D18429 /* main.m in Sources */,
				4D2273871D2A6AA4008AEE13 /* AdonitLineWidthView.m in Sources */,
				4D2273891D2A6AA4008AEE13 /* AdonitVerticalSliderView.m in Sources */,
				7747ECC11A1BDED100D18429 /* CanvasView.m in Sources */,
			);
			runOnlyForDeploymentPostprocessing = 0;
		};
		7747EC911A1BDC9800D18429 /* Sources */ = {
			isa = PBXSourcesBuildPhase;
			buildActionMask = 2147483647;
			files = (
				3CDB12811AE6EBD30066B9C5 /* Brush.m in Sources */,
				7747EC9C1A1BDC9800D18429 /* JotTouchExampleTests.m in Sources */,
			);
			runOnlyForDeploymentPostprocessing = 0;
		};
/* End PBXSourcesBuildPhase section */

/* Begin PBXTargetDependency section */
		7747EC971A1BDC9800D18429 /* PBXTargetDependency */ = {
			isa = PBXTargetDependency;
			target = 7747EC7B1A1BDC9700D18429 /* JotWorkshop */;
			targetProxy = 7747EC961A1BDC9800D18429 /* PBXContainerItemProxy */;
		};
/* End PBXTargetDependency section */

/* Begin XCBuildConfiguration section */
		7747EC9D1A1BDC9800D18429 /* Debug */ = {
			isa = XCBuildConfiguration;
			buildSettings = {
				ALWAYS_SEARCH_USER_PATHS = NO;
				CLANG_CXX_LANGUAGE_STANDARD = "gnu++0x";
				CLANG_CXX_LIBRARY = "libc++";
				CLANG_ENABLE_MODULES = YES;
				CLANG_ENABLE_OBJC_ARC = YES;
				CLANG_WARN_BOOL_CONVERSION = YES;
				CLANG_WARN_CONSTANT_CONVERSION = YES;
				CLANG_WARN_DIRECT_OBJC_ISA_USAGE = YES_ERROR;
				CLANG_WARN_EMPTY_BODY = YES;
				CLANG_WARN_ENUM_CONVERSION = YES;
				CLANG_WARN_INT_CONVERSION = YES;
				CLANG_WARN_OBJC_ROOT_CLASS = YES_ERROR;
				CLANG_WARN_UNREACHABLE_CODE = YES;
				CLANG_WARN__DUPLICATE_METHOD_MATCH = YES;
				"CODE_SIGN_IDENTITY[sdk=iphoneos*]" = "iPhone Developer";
				COPY_PHASE_STRIP = NO;
				ENABLE_STRICT_OBJC_MSGSEND = YES;
				ENABLE_TESTABILITY = YES;
				GCC_C_LANGUAGE_STANDARD = gnu99;
				GCC_DYNAMIC_NO_PIC = NO;
				GCC_OPTIMIZATION_LEVEL = 0;
				GCC_PREPROCESSOR_DEFINITIONS = (
					"DEBUG=1",
					"$(inherited)",
				);
				GCC_SYMBOLS_PRIVATE_EXTERN = NO;
				GCC_WARN_64_TO_32_BIT_CONVERSION = YES;
				GCC_WARN_ABOUT_RETURN_TYPE = YES_ERROR;
				GCC_WARN_UNDECLARED_SELECTOR = YES;
				GCC_WARN_UNINITIALIZED_AUTOS = YES_AGGRESSIVE;
				GCC_WARN_UNUSED_FUNCTION = YES;
				GCC_WARN_UNUSED_VARIABLE = YES;
				IPHONEOS_DEPLOYMENT_TARGET = 8.0;
				MTL_ENABLE_DEBUG_INFO = YES;
				ONLY_ACTIVE_ARCH = YES;
				SDKROOT = iphoneos;
				SWIFT_OBJC_INTERFACE_HEADER_NAME = "$(SWIFT_MODULE_NAME)-Swift.h";
				TARGETED_DEVICE_FAMILY = "1,2";
			};
			name = Debug;
		};
		7747EC9E1A1BDC9800D18429 /* Release */ = {
			isa = XCBuildConfiguration;
			buildSettings = {
				ALWAYS_SEARCH_USER_PATHS = NO;
				CLANG_CXX_LANGUAGE_STANDARD = "gnu++0x";
				CLANG_CXX_LIBRARY = "libc++";
				CLANG_ENABLE_MODULES = YES;
				CLANG_ENABLE_OBJC_ARC = YES;
				CLANG_WARN_BOOL_CONVERSION = YES;
				CLANG_WARN_CONSTANT_CONVERSION = YES;
				CLANG_WARN_DIRECT_OBJC_ISA_USAGE = YES_ERROR;
				CLANG_WARN_EMPTY_BODY = YES;
				CLANG_WARN_ENUM_CONVERSION = YES;
				CLANG_WARN_INT_CONVERSION = YES;
				CLANG_WARN_OBJC_ROOT_CLASS = YES_ERROR;
				CLANG_WARN_UNREACHABLE_CODE = YES;
				CLANG_WARN__DUPLICATE_METHOD_MATCH = YES;
				"CODE_SIGN_IDENTITY[sdk=iphoneos*]" = "iPhone Developer";
				COPY_PHASE_STRIP = YES;
				ENABLE_NS_ASSERTIONS = NO;
				ENABLE_STRICT_OBJC_MSGSEND = YES;
				GCC_C_LANGUAGE_STANDARD = gnu99;
				GCC_WARN_64_TO_32_BIT_CONVERSION = YES;
				GCC_WARN_ABOUT_RETURN_TYPE = YES_ERROR;
				GCC_WARN_UNDECLARED_SELECTOR = YES;
				GCC_WARN_UNINITIALIZED_AUTOS = YES_AGGRESSIVE;
				GCC_WARN_UNUSED_FUNCTION = YES;
				GCC_WARN_UNUSED_VARIABLE = YES;
				IPHONEOS_DEPLOYMENT_TARGET = 8.0;
				MTL_ENABLE_DEBUG_INFO = NO;
				SDKROOT = iphoneos;
				SWIFT_OBJC_INTERFACE_HEADER_NAME = "$(SWIFT_MODULE_NAME)-Swift.h";
				TARGETED_DEVICE_FAMILY = "1,2";
				VALIDATE_PRODUCT = YES;
			};
			name = Release;
		};
		7747ECA01A1BDC9800D18429 /* Debug */ = {
			isa = XCBuildConfiguration;
			buildSettings = {
				ASSETCATALOG_COMPILER_APPICON_NAME = AppIcon;
				CLANG_ENABLE_MODULES = YES;
				CODE_SIGN_IDENTITY = "iPhone Developer";
				FRAMEWORK_SEARCH_PATHS = (
					"$(inherited)",
					"$(PROJECT_DIR)/JotTouchExampleTests",
					"$(PROJECT_DIR)/JotTouchExample",
				);
				GCC_GENERATE_TEST_COVERAGE_FILES = YES;
				GCC_INSTRUMENT_PROGRAM_FLOW_ARCS = YES;
				INFOPLIST_FILE = JotTouchExample/Info.plist;
				IPHONEOS_DEPLOYMENT_TARGET = 8.0;
				LD_RUNPATH_SEARCH_PATHS = "$(inherited) @executable_path/Frameworks";
				LIBRARY_SEARCH_PATHS = (
					"$(inherited)",
					"$(USER_LIBRARY_DIR)/Developer/Xcode/DerivedData/adonit_JotSDK-cuislxxwqqpsxyftgsgapjyhvsfu/Build/Products/Debug-iphoneos",
				);
				OTHER_LDFLAGS = "-ObjC";
				PRODUCT_BUNDLE_IDENTIFIER = "net.adonit.$(PRODUCT_NAME)";
				PRODUCT_NAME = "$(TARGET_NAME)";
				PROVISIONING_PROFILE = "";
				SWIFT_OBJC_BRIDGING_HEADER = "JotTouchExample/JotWorkshop-Bridging-Header.h";
				SWIFT_OBJC_INTERFACE_HEADER_NAME = "$(SWIFT_MODULE_NAME)-Swift.h";
				SWIFT_OPTIMIZATION_LEVEL = "-Onone";
			};
			name = Debug;
		};
		7747ECA11A1BDC9800D18429 /* Release */ = {
			isa = XCBuildConfiguration;
			buildSettings = {
				ASSETCATALOG_COMPILER_APPICON_NAME = AppIcon;
				CLANG_ENABLE_MODULES = YES;
				CODE_SIGN_IDENTITY = "iPhone Developer";
				FRAMEWORK_SEARCH_PATHS = (
					"$(inherited)",
					"$(PROJECT_DIR)/JotTouchExampleTests",
					"$(PROJECT_DIR)/JotTouchExample",
				);
				GCC_INSTRUMENT_PROGRAM_FLOW_ARCS = NO;
				INFOPLIST_FILE = JotTouchExample/Info.plist;
				IPHONEOS_DEPLOYMENT_TARGET = 8.0;
				LD_RUNPATH_SEARCH_PATHS = "$(inherited) @executable_path/Frameworks";
				LIBRARY_SEARCH_PATHS = (
					"$(inherited)",
					"$(USER_LIBRARY_DIR)/Developer/Xcode/DerivedData/adonit_JotSDK-cuislxxwqqpsxyftgsgapjyhvsfu/Build/Products/Debug-iphoneos",
				);
				OTHER_LDFLAGS = "-ObjC";
				PRODUCT_BUNDLE_IDENTIFIER = "net.adonit.$(PRODUCT_NAME)";
				PRODUCT_NAME = "$(TARGET_NAME)";
				PROVISIONING_PROFILE = "";
				SWIFT_OBJC_BRIDGING_HEADER = "JotTouchExample/JotWorkshop-Bridging-Header.h";
				SWIFT_OBJC_INTERFACE_HEADER_NAME = "$(SWIFT_MODULE_NAME)-Swift.h";
			};
			name = Release;
		};
		7747ECA31A1BDC9800D18429 /* Debug */ = {
			isa = XCBuildConfiguration;
			buildSettings = {
				BUNDLE_LOADER = "$(TEST_HOST)";
				FRAMEWORK_SEARCH_PATHS = (
					"$(SDKROOT)/Developer/Library/Frameworks",
					"$(inherited)",
				);
				GCC_PREPROCESSOR_DEFINITIONS = (
					"DEBUG=1",
					"$(inherited)",
				);
				INFOPLIST_FILE = JotTouchExampleTests/Info.plist;
				LD_RUNPATH_SEARCH_PATHS = "$(inherited) @executable_path/Frameworks @loader_path/Frameworks";
				PRODUCT_BUNDLE_IDENTIFIER = "net.adonit.$(PRODUCT_NAME:rfc1034identifier)";
				PRODUCT_NAME = "$(TARGET_NAME)";
				TEST_HOST = "$(BUILT_PRODUCTS_DIR)/JotTouchExample.app/JotTouchExample";
			};
			name = Debug;
		};
		7747ECA41A1BDC9800D18429 /* Release */ = {
			isa = XCBuildConfiguration;
			buildSettings = {
				BUNDLE_LOADER = "$(TEST_HOST)";
				FRAMEWORK_SEARCH_PATHS = (
					"$(SDKROOT)/Developer/Library/Frameworks",
					"$(inherited)",
				);
				INFOPLIST_FILE = JotTouchExampleTests/Info.plist;
				LD_RUNPATH_SEARCH_PATHS = "$(inherited) @executable_path/Frameworks @loader_path/Frameworks";
				PRODUCT_BUNDLE_IDENTIFIER = "net.adonit.$(PRODUCT_NAME:rfc1034identifier)";
				PRODUCT_NAME = "$(TARGET_NAME)";
				TEST_HOST = "$(BUILT_PRODUCTS_DIR)/JotTouchExample.app/JotTouchExample";
			};
			name = Release;
		};
/* End XCBuildConfiguration section */

/* Begin XCConfigurationList section */
		7747EC771A1BDC9700D18429 /* Build configuration list for PBXProject "JotTouchExample" */ = {
			isa = XCConfigurationList;
			buildConfigurations = (
				7747EC9D1A1BDC9800D18429 /* Debug */,
				7747EC9E1A1BDC9800D18429 /* Release */,
			);
			defaultConfigurationIsVisible = 0;
			defaultConfigurationName = Release;
		};
		7747EC9F1A1BDC9800D18429 /* Build configuration list for PBXNativeTarget "JotWorkshop" */ = {
			isa = XCConfigurationList;
			buildConfigurations = (
				7747ECA01A1BDC9800D18429 /* Debug */,
				7747ECA11A1BDC9800D18429 /* Release */,
			);
			defaultConfigurationIsVisible = 0;
			defaultConfigurationName = Release;
		};
		7747ECA21A1BDC9800D18429 /* Build configuration list for PBXNativeTarget "JotTouchExampleTests" */ = {
			isa = XCConfigurationList;
			buildConfigurations = (
				7747ECA31A1BDC9800D18429 /* Debug */,
				7747ECA41A1BDC9800D18429 /* Release */,
			);
			defaultConfigurationIsVisible = 0;
			defaultConfigurationName = Release;
		};
/* End XCConfigurationList section */
	};
	rootObject = 7747EC741A1BDC9700D18429 /* Project object */;
}
