// !$*UTF8*$!
{
	archiveVersion = 1;
	classes = {
	};
	objectVersion = 46;
	objects = {

/* Begin PBXBuildFile section */
		3C0D6D121993D91800470BA0 /* JotStatusIndicatorView.m in Sources */ = {isa = PBXBuildFile; fileRef = 3C0D6D111993D91800470BA0 /* JotStatusIndicatorView.m */; };
		3C2F28F5180F341F005F336C /* button-gear-ruby.png in Resources */ = {isa = PBXBuildFile; fileRef = 3C2F28E9180F341F005F336C /* button-gear-ruby.png */; };
		3C2F28F6180F341F005F336C /* button-gear-ruby@2x.png in Resources */ = {isa = PBXBuildFile; fileRef = 3C2F28EA180F341F005F336C /* button-gear-ruby@2x.png */; };
		3C2F28F7180F341F005F336C /* button-gear.png in Resources */ = {isa = PBXBuildFile; fileRef = 3C2F28EB180F341F005F336C /* button-gear.png */; };
		3C2F28F8180F341F005F336C /* button-gear@2x.png in Resources */ = {isa = PBXBuildFile; fileRef = 3C2F28EC180F341F005F336C /* button-gear@2x.png */; };
		3C2F28F9180F341F005F336C /* button-StylusConnected.png in Resources */ = {isa = PBXBuildFile; fileRef = 3C2F28ED180F341F005F336C /* button-StylusConnected.png */; };
		3C2F28FA180F341F005F336C /* button-StylusConnected@2x.png in Resources */ = {isa = PBXBuildFile; fileRef = 3C2F28EE180F341F005F336C /* button-StylusConnected@2x.png */; };
		3C2F28FB180F341F005F336C /* button-StylusDisconnected.png in Resources */ = {isa = PBXBuildFile; fileRef = 3C2F28EF180F341F005F336C /* button-StylusDisconnected.png */; };
		3C2F28FC180F341F005F336C /* button-StylusDisconnected@2x.png in Resources */ = {isa = PBXBuildFile; fileRef = 3C2F28F0180F341F005F336C /* button-StylusDisconnected@2x.png */; };
		3C2F2905180F3AA8005F336C /* button-reset-ruby@2x.png in Resources */ = {isa = PBXBuildFile; fileRef = 3C2F2901180F3AA8005F336C /* button-reset-ruby@2x.png */; };
		3C2F2906180F3AA8005F336C /* button-reset@2x.png in Resources */ = {isa = PBXBuildFile; fileRef = 3C2F2902180F3AA8005F336C /* button-reset@2x.png */; };
		3C2F2907180F3AA8005F336C /* button-reset-ruby.png in Resources */ = {isa = PBXBuildFile; fileRef = 3C2F2903180F3AA8005F336C /* button-reset-ruby.png */; };
		3C2F2908180F3AA8005F336C /* button-reset.png in Resources */ = {isa = PBXBuildFile; fileRef = 3C2F2904180F3AA8005F336C /* button-reset.png */; };
		3C44744117B92B3C009C8AD2 /* JotTouchStatusHUD.m in Sources */ = {isa = PBXBuildFile; fileRef = 3C44744017B92B3C009C8AD2 /* JotTouchStatusHUD.m */; };
		3C4B070217B3F655001D5C7B /* JotTouchSDK.framework in Frameworks */ = {isa = PBXBuildFile; fileRef = 3C4B070117B3F655001D5C7B /* JotTouchSDK.framework */; };
		3C82355818B40B19009B82C3 /* CustomScrollView.m in Sources */ = {isa = PBXBuildFile; fileRef = 3C82355618B40B19009B82C3 /* CustomScrollView.m */; };
		3CACC63417BAA8D40066801D /* Adonit_Header.png in Resources */ = {isa = PBXBuildFile; fileRef = 3CACC63217BAA8D40066801D /* Adonit_Header.png */; };
		3CACC63517BAA8D40066801D /* Adonit_Header@2x.png in Resources */ = {isa = PBXBuildFile; fileRef = 3CACC63317BAA8D40066801D /* Adonit_Header@2x.png */; };
		3CDFB5C417B596150077F6F5 /* StylusSettingsButton.m in Sources */ = {isa = PBXBuildFile; fileRef = 3CDFB5C317B596150077F6F5 /* StylusSettingsButton.m */; };
		66C9A74E16E0644C0034AB37 /* UIKit.framework in Frameworks */ = {isa = PBXBuildFile; fileRef = 66C9A74D16E0644C0034AB37 /* UIKit.framework */; };
		66C9A75016E0644C0034AB37 /* Foundation.framework in Frameworks */ = {isa = PBXBuildFile; fileRef = 66C9A74F16E0644C0034AB37 /* Foundation.framework */; };
		66C9A75816E0644C0034AB37 /* InfoPlist.strings in Resources */ = {isa = PBXBuildFile; fileRef = 66C9A75616E0644C0034AB37 /* InfoPlist.strings */; };
		66C9A75A16E0644C0034AB37 /* main.m in Sources */ = {isa = PBXBuildFile; fileRef = 66C9A75916E0644C0034AB37 /* main.m */; };
		66C9A75E16E0644D0034AB37 /* AppDelegate.m in Sources */ = {isa = PBXBuildFile; fileRef = 66C9A75D16E0644D0034AB37 /* AppDelegate.m */; };
		66C9A76016E0644D0034AB37 /* Default.png in Resources */ = {isa = PBXBuildFile; fileRef = 66C9A75F16E0644D0034AB37 /* Default.png */; };
		66C9A76216E0644D0034AB37 /* Default@2x.png in Resources */ = {isa = PBXBuildFile; fileRef = 66C9A76116E0644D0034AB37 /* Default@2x.png */; };
		66C9A76416E0644D0034AB37 /* Default-568h@2x.png in Resources */ = {isa = PBXBuildFile; fileRef = 66C9A76316E0644D0034AB37 /* Default-568h@2x.png */; };
		66C9A76716E0644D0034AB37 /* ViewController.m in Sources */ = {isa = PBXBuildFile; fileRef = 66C9A76616E0644D0034AB37 /* ViewController.m */; };
		66C9A76A16E0644D0034AB37 /* ViewController.xib in Resources */ = {isa = PBXBuildFile; fileRef = 66C9A76816E0644D0034AB37 /* ViewController.xib */; };
		66C9A77416E064FF0034AB37 /* CanvasView.m in Sources */ = {isa = PBXBuildFile; fileRef = 66C9A77316E064FF0034AB37 /* CanvasView.m */; };
		66C9A78816E0682B0034AB37 /* CoreBluetooth.framework in Frameworks */ = {isa = PBXBuildFile; fileRef = 66C9A78716E0682B0034AB37 /* CoreBluetooth.framework */; };
		66C9A78E16E068500034AB37 /* OpenGLES.framework in Frameworks */ = {isa = PBXBuildFile; fileRef = 66C9A78D16E068500034AB37 /* OpenGLES.framework */; };
		66C9A78F16E0686E0034AB37 /* SmoothStroke.m in Sources */ = {isa = PBXBuildFile; fileRef = 66C9A78616E0671F0034AB37 /* SmoothStroke.m */; };
		66C9A79016E068720034AB37 /* UIColor+Components.m in Sources */ = {isa = PBXBuildFile; fileRef = 66C9A78416E067070034AB37 /* UIColor+Components.m */; };
		66C9A79216E0687F0034AB37 /* AbstractBezierPathElement.m in Sources */ = {isa = PBXBuildFile; fileRef = 66C9A77616E0668E0034AB37 /* AbstractBezierPathElement.m */; };
		66C9A79316E0687F0034AB37 /* MoveToPathElement.m in Sources */ = {isa = PBXBuildFile; fileRef = 66C9A77816E0668E0034AB37 /* MoveToPathElement.m */; };
		66C9A79416E0687F0034AB37 /* LineToPathElement.m in Sources */ = {isa = PBXBuildFile; fileRef = 66C9A77A16E0668E0034AB37 /* LineToPathElement.m */; };
		66C9A79516E0687F0034AB37 /* CurveToPathElement.m in Sources */ = {isa = PBXBuildFile; fileRef = 66C9A77C16E0668E0034AB37 /* CurveToPathElement.m */; };
		66C9A79616E0687F0034AB37 /* SegmentSmoother.m in Sources */ = {isa = PBXBuildFile; fileRef = 66C9A77E16E0668E0034AB37 /* SegmentSmoother.m */; };
		66C9A79816E068A40034AB37 /* QuartzCore.framework in Frameworks */ = {isa = PBXBuildFile; fileRef = 66C9A79716E068A40034AB37 /* QuartzCore.framework */; };
		66C9A79916E068AE0034AB37 /* CoreGraphics.framework in Frameworks */ = {isa = PBXBuildFile; fileRef = 66C9A75116E0644C0034AB37 /* CoreGraphics.framework */; };
		66C9A79B16E06A6F0034AB37 /* Icon-Gradient.png in Resources */ = {isa = PBXBuildFile; fileRef = 66C9A79A16E06A6F0034AB37 /* Icon-Gradient.png */; };
		66C9A79D16E06A730034AB37 /* Icon-Gradient@2x.png in Resources */ = {isa = PBXBuildFile; fileRef = 66C9A79C16E06A730034AB37 /* Icon-Gradient@2x.png */; };
		A23C5CE41940D8F20081FA32 /* palm.png in Resources */ = {isa = PBXBuildFile; fileRef = A23C5CE31940D8F20081FA32 /* palm.png */; };
		A23C5CE61940F3A90081FA32 /* crosshair.png in Resources */ = {isa = PBXBuildFile; fileRef = A23C5CE51940F3A90081FA32 /* crosshair.png */; };
		D257A3EB17F5EA8100BF17F9 /* CoreMotion.framework in Frameworks */ = {isa = PBXBuildFile; fileRef = D257A3EA17F5EA8100BF17F9 /* CoreMotion.framework */; };
/* End PBXBuildFile section */

/* Begin PBXFileReference section */
		3C0D6D101993D91800470BA0 /* JotStatusIndicatorView.h */ = {isa = PBXFileReference; fileEncoding = 4; lastKnownFileType = sourcecode.c.h; path = JotStatusIndicatorView.h; sourceTree = "<group>"; };
		3C0D6D111993D91800470BA0 /* JotStatusIndicatorView.m */ = {isa = PBXFileReference; fileEncoding = 4; lastKnownFileType = sourcecode.c.objc; path = JotStatusIndicatorView.m; sourceTree = "<group>"; };
		3C2F28E9180F341F005F336C /* button-gear-ruby.png */ = {isa = PBXFileReference; lastKnownFileType = image.png; path = "button-gear-ruby.png"; sourceTree = "<group>"; };
		3C2F28EA180F341F005F336C /* button-gear-ruby@2x.png */ = {isa = PBXFileReference; lastKnownFileType = image.png; path = "button-gear-ruby@2x.png"; sourceTree = "<group>"; };
		3C2F28EB180F341F005F336C /* button-gear.png */ = {isa = PBXFileReference; lastKnownFileType = image.png; path = "button-gear.png"; sourceTree = "<group>"; };
		3C2F28EC180F341F005F336C /* button-gear@2x.png */ = {isa = PBXFileReference; lastKnownFileType = image.png; path = "button-gear@2x.png"; sourceTree = "<group>"; };
		3C2F28ED180F341F005F336C /* button-StylusConnected.png */ = {isa = PBXFileReference; lastKnownFileType = image.png; path = "button-StylusConnected.png"; sourceTree = "<group>"; };
		3C2F28EE180F341F005F336C /* button-StylusConnected@2x.png */ = {isa = PBXFileReference; lastKnownFileType = image.png; path = "button-StylusConnected@2x.png"; sourceTree = "<group>"; };
		3C2F28EF180F341F005F336C /* button-StylusDisconnected.png */ = {isa = PBXFileReference; lastKnownFileType = image.png; path = "button-StylusDisconnected.png"; sourceTree = "<group>"; };
		3C2F28F0180F341F005F336C /* button-StylusDisconnected@2x.png */ = {isa = PBXFileReference; lastKnownFileType = image.png; path = "button-StylusDisconnected@2x.png"; sourceTree = "<group>"; };
		3C2F2901180F3AA8005F336C /* button-reset-ruby@2x.png */ = {isa = PBXFileReference; lastKnownFileType = image.png; path = "button-reset-ruby@2x.png"; sourceTree = "<group>"; };
		3C2F2902180F3AA8005F336C /* button-reset@2x.png */ = {isa = PBXFileReference; lastKnownFileType = image.png; path = "button-reset@2x.png"; sourceTree = "<group>"; };
		3C2F2903180F3AA8005F336C /* button-reset-ruby.png */ = {isa = PBXFileReference; lastKnownFileType = image.png; path = "button-reset-ruby.png"; sourceTree = "<group>"; };
		3C2F2904180F3AA8005F336C /* button-reset.png */ = {isa = PBXFileReference; lastKnownFileType = image.png; path = "button-reset.png"; sourceTree = "<group>"; };
		3C44743F17B92B3C009C8AD2 /* JotTouchStatusHUD.h */ = {isa = PBXFileReference; fileEncoding = 4; lastKnownFileType = sourcecode.c.h; path = JotTouchStatusHUD.h; sourceTree = "<group>"; };
		3C44744017B92B3C009C8AD2 /* JotTouchStatusHUD.m */ = {isa = PBXFileReference; fileEncoding = 4; lastKnownFileType = sourcecode.c.objc; path = JotTouchStatusHUD.m; sourceTree = "<group>"; };
		3C4B070117B3F655001D5C7B /* JotTouchSDK.framework */ = {isa = PBXFileReference; lastKnownFileType = wrapper.framework; path = JotTouchSDK.framework; sourceTree = "<group>"; };
		3C82355618B40B19009B82C3 /* CustomScrollView.m */ = {isa = PBXFileReference; fileEncoding = 4; lastKnownFileType = sourcecode.c.objc; path = CustomScrollView.m; sourceTree = "<group>"; };
		3C82355718B40B19009B82C3 /* CustomScrollView.h */ = {isa = PBXFileReference; fileEncoding = 4; lastKnownFileType = sourcecode.c.h; path = CustomScrollView.h; sourceTree = "<group>"; };
		3C82355918B40BCD009B82C3 /* Constants.h */ = {isa = PBXFileReference; fileEncoding = 4; lastKnownFileType = sourcecode.c.h; path = Constants.h; sourceTree = "<group>"; };
		3CACC63217BAA8D40066801D /* Adonit_Header.png */ = {isa = PBXFileReference; lastKnownFileType = image.png; path = Adonit_Header.png; sourceTree = "<group>"; };
		3CACC63317BAA8D40066801D /* Adonit_Header@2x.png */ = {isa = PBXFileReference; lastKnownFileType = image.png; path = "Adonit_Header@2x.png"; sourceTree = "<group>"; };
		3CDFB5C217B596150077F6F5 /* StylusSettingsButton.h */ = {isa = PBXFileReference; fileEncoding = 4; lastKnownFileType = sourcecode.c.h; path = StylusSettingsButton.h; sourceTree = "<group>"; };
		3CDFB5C317B596150077F6F5 /* StylusSettingsButton.m */ = {isa = PBXFileReference; fileEncoding = 4; lastKnownFileType = sourcecode.c.objc; path = StylusSettingsButton.m; sourceTree = "<group>"; };
		66C9A74A16E0644C0034AB37 /* JotTouchExample.app */ = {isa = PBXFileReference; explicitFileType = wrapper.application; includeInIndex = 0; path = JotTouchExample.app; sourceTree = BUILT_PRODUCTS_DIR; };
		66C9A74D16E0644C0034AB37 /* UIKit.framework */ = {isa = PBXFileReference; lastKnownFileType = wrapper.framework; name = UIKit.framework; path = System/Library/Frameworks/UIKit.framework; sourceTree = SDKROOT; };
		66C9A74F16E0644C0034AB37 /* Foundation.framework */ = {isa = PBXFileReference; lastKnownFileType = wrapper.framework; name = Foundation.framework; path = System/Library/Frameworks/Foundation.framework; sourceTree = SDKROOT; };
		66C9A75116E0644C0034AB37 /* CoreGraphics.framework */ = {isa = PBXFileReference; lastKnownFileType = wrapper.framework; name = CoreGraphics.framework; path = System/Library/Frameworks/CoreGraphics.framework; sourceTree = SDKROOT; };
		66C9A75516E0644C0034AB37 /* JotTouchExample-Info.plist */ = {isa = PBXFileReference; lastKnownFileType = text.plist.xml; path = "JotTouchExample-Info.plist"; sourceTree = "<group>"; };
		66C9A75716E0644C0034AB37 /* en */ = {isa = PBXFileReference; lastKnownFileType = text.plist.strings; name = en; path = en.lproj/InfoPlist.strings; sourceTree = "<group>"; };
		66C9A75916E0644C0034AB37 /* main.m */ = {isa = PBXFileReference; lastKnownFileType = sourcecode.c.objc; path = main.m; sourceTree = "<group>"; };
		66C9A75B16E0644C0034AB37 /* JotTouchExample-Prefix.pch */ = {isa = PBXFileReference; lastKnownFileType = sourcecode.c.h; path = "JotTouchExample-Prefix.pch"; sourceTree = "<group>"; };
		66C9A75C16E0644D0034AB37 /* AppDelegate.h */ = {isa = PBXFileReference; lastKnownFileType = sourcecode.c.h; path = AppDelegate.h; sourceTree = "<group>"; };
		66C9A75D16E0644D0034AB37 /* AppDelegate.m */ = {isa = PBXFileReference; lastKnownFileType = sourcecode.c.objc; path = AppDelegate.m; sourceTree = "<group>"; };
		66C9A75F16E0644D0034AB37 /* Default.png */ = {isa = PBXFileReference; lastKnownFileType = image.png; path = Default.png; sourceTree = "<group>"; };
		66C9A76116E0644D0034AB37 /* Default@2x.png */ = {isa = PBXFileReference; lastKnownFileType = image.png; path = "Default@2x.png"; sourceTree = "<group>"; };
		66C9A76316E0644D0034AB37 /* Default-568h@2x.png */ = {isa = PBXFileReference; lastKnownFileType = image.png; path = "Default-568h@2x.png"; sourceTree = "<group>"; };
		66C9A76516E0644D0034AB37 /* ViewController.h */ = {isa = PBXFileReference; lastKnownFileType = sourcecode.c.h; path = ViewController.h; sourceTree = "<group>"; };
		66C9A76616E0644D0034AB37 /* ViewController.m */ = {isa = PBXFileReference; lastKnownFileType = sourcecode.c.objc; lineEnding = 0; path = ViewController.m; sourceTree = "<group>"; xcLanguageSpecificationIdentifier = xcode.lang.objc; };
		66C9A76916E0644D0034AB37 /* en */ = {isa = PBXFileReference; lastKnownFileType = file.xib; name = en; path = en.lproj/ViewController.xib; sourceTree = "<group>"; };
		66C9A77216E064FF0034AB37 /* CanvasView.h */ = {isa = PBXFileReference; fileEncoding = 4; lastKnownFileType = sourcecode.c.h; path = CanvasView.h; sourceTree = "<group>"; };
		66C9A77316E064FF0034AB37 /* CanvasView.m */ = {isa = PBXFileReference; fileEncoding = 4; lastKnownFileType = sourcecode.c.objc; lineEnding = 0; path = CanvasView.m; sourceTree = "<group>"; xcLanguageSpecificationIdentifier = xcode.lang.objc; };
		66C9A77516E0668E0034AB37 /* AbstractBezierPathElement.h */ = {isa = PBXFileReference; lastKnownFileType = sourcecode.c.h; path = AbstractBezierPathElement.h; sourceTree = "<group>"; };
		66C9A77616E0668E0034AB37 /* AbstractBezierPathElement.m */ = {isa = PBXFileReference; lastKnownFileType = sourcecode.c.objc; path = AbstractBezierPathElement.m; sourceTree = "<group>"; };
		66C9A77716E0668E0034AB37 /* MoveToPathElement.h */ = {isa = PBXFileReference; lastKnownFileType = sourcecode.c.h; path = MoveToPathElement.h; sourceTree = "<group>"; };
		66C9A77816E0668E0034AB37 /* MoveToPathElement.m */ = {isa = PBXFileReference; lastKnownFileType = sourcecode.c.objc; path = MoveToPathElement.m; sourceTree = "<group>"; };
		66C9A77916E0668E0034AB37 /* LineToPathElement.h */ = {isa = PBXFileReference; lastKnownFileType = sourcecode.c.h; path = LineToPathElement.h; sourceTree = "<group>"; };
		66C9A77A16E0668E0034AB37 /* LineToPathElement.m */ = {isa = PBXFileReference; lastKnownFileType = sourcecode.c.objc; path = LineToPathElement.m; sourceTree = "<group>"; };
		66C9A77B16E0668E0034AB37 /* CurveToPathElement.h */ = {isa = PBXFileReference; lastKnownFileType = sourcecode.c.h; path = CurveToPathElement.h; sourceTree = "<group>"; };
		66C9A77C16E0668E0034AB37 /* CurveToPathElement.m */ = {isa = PBXFileReference; lastKnownFileType = sourcecode.c.objc; path = CurveToPathElement.m; sourceTree = "<group>"; };
		66C9A77D16E0668E0034AB37 /* SegmentSmoother.h */ = {isa = PBXFileReference; lastKnownFileType = sourcecode.c.h; path = SegmentSmoother.h; sourceTree = "<group>"; };
		66C9A77E16E0668E0034AB37 /* SegmentSmoother.m */ = {isa = PBXFileReference; lastKnownFileType = sourcecode.c.objc; path = SegmentSmoother.m; sourceTree = "<group>"; };
		66C9A78316E067070034AB37 /* UIColor+Components.h */ = {isa = PBXFileReference; lastKnownFileType = sourcecode.c.h; path = "UIColor+Components.h"; sourceTree = "<group>"; };
		66C9A78416E067070034AB37 /* UIColor+Components.m */ = {isa = PBXFileReference; lastKnownFileType = sourcecode.c.objc; path = "UIColor+Components.m"; sourceTree = "<group>"; };
		66C9A78516E0671F0034AB37 /* SmoothStroke.h */ = {isa = PBXFileReference; lastKnownFileType = sourcecode.c.h; path = SmoothStroke.h; sourceTree = "<group>"; };
		66C9A78616E0671F0034AB37 /* SmoothStroke.m */ = {isa = PBXFileReference; lastKnownFileType = sourcecode.c.objc; path = SmoothStroke.m; sourceTree = "<group>"; };
		66C9A78716E0682B0034AB37 /* CoreBluetooth.framework */ = {isa = PBXFileReference; lastKnownFileType = wrapper.framework; name = CoreBluetooth.framework; path = System/Library/Frameworks/CoreBluetooth.framework; sourceTree = SDKROOT; };
		66C9A78B16E0683D0034AB37 /* AudioToolbox.framework */ = {isa = PBXFileReference; lastKnownFileType = wrapper.framework; name = AudioToolbox.framework; path = System/Library/Frameworks/AudioToolbox.framework; sourceTree = SDKROOT; };
		66C9A78D16E068500034AB37 /* OpenGLES.framework */ = {isa = PBXFileReference; lastKnownFileType = wrapper.framework; name = OpenGLES.framework; path = System/Library/Frameworks/OpenGLES.framework; sourceTree = SDKROOT; };
		66C9A79716E068A40034AB37 /* QuartzCore.framework */ = {isa = PBXFileReference; lastKnownFileType = wrapper.framework; name = QuartzCore.framework; path = System/Library/Frameworks/QuartzCore.framework; sourceTree = SDKROOT; };
		66C9A79A16E06A6F0034AB37 /* Icon-Gradient.png */ = {isa = PBXFileReference; lastKnownFileType = image.png; name = "Icon-Gradient.png"; path = "../Icon-Gradient.png"; sourceTree = "<group>"; };
		66C9A79C16E06A730034AB37 /* Icon-Gradient@2x.png */ = {isa = PBXFileReference; lastKnownFileType = image.png; name = "Icon-Gradient@2x.png"; path = "../Icon-Gradient@2x.png"; sourceTree = "<group>"; };
		A23C5CE31940D8F20081FA32 /* palm.png */ = {isa = PBXFileReference; lastKnownFileType = image.png; path = palm.png; sourceTree = "<group>"; };
		A23C5CE51940F3A90081FA32 /* crosshair.png */ = {isa = PBXFileReference; lastKnownFileType = image.png; path = crosshair.png; sourceTree = "<group>"; };
		D257A3EA17F5EA8100BF17F9 /* CoreMotion.framework */ = {isa = PBXFileReference; lastKnownFileType = wrapper.framework; name = CoreMotion.framework; path = System/Library/Frameworks/CoreMotion.framework; sourceTree = SDKROOT; };
/* End PBXFileReference section */

/* Begin PBXFrameworksBuildPhase section */
		66C9A74716E0644C0034AB37 /* Frameworks */ = {
			isa = PBXFrameworksBuildPhase;
			buildActionMask = 2147483647;
			files = (
				D257A3EB17F5EA8100BF17F9 /* CoreMotion.framework in Frameworks */,
				66C9A79916E068AE0034AB37 /* CoreGraphics.framework in Frameworks */,
				66C9A79816E068A40034AB37 /* QuartzCore.framework in Frameworks */,
				66C9A78E16E068500034AB37 /* OpenGLES.framework in Frameworks */,
				66C9A78816E0682B0034AB37 /* CoreBluetooth.framework in Frameworks */,
				66C9A74E16E0644C0034AB37 /* UIKit.framework in Frameworks */,
				66C9A75016E0644C0034AB37 /* Foundation.framework in Frameworks */,
				3C4B070217B3F655001D5C7B /* JotTouchSDK.framework in Frameworks */,
			);
			runOnlyForDeploymentPostprocessing = 0;
		};
/* End PBXFrameworksBuildPhase section */

/* Begin PBXGroup section */
		3C6F5B9A17B9587500595435 /* Jot Status Alert HUD */ = {
			isa = PBXGroup;
			children = (
				3C44743F17B92B3C009C8AD2 /* JotTouchStatusHUD.h */,
				3C44744017B92B3C009C8AD2 /* JotTouchStatusHUD.m */,
			);
			name = "Jot Status Alert HUD";
			sourceTree = "<group>";
		};
		3CDFB5D117B596740077F6F5 /* StylusSettingButton */ = {
			isa = PBXGroup;
			children = (
				3C2F28E9180F341F005F336C /* button-gear-ruby.png */,
				3C2F28EA180F341F005F336C /* button-gear-ruby@2x.png */,
				3C2F28EB180F341F005F336C /* button-gear.png */,
				3C2F28EC180F341F005F336C /* button-gear@2x.png */,
				3C2F28ED180F341F005F336C /* button-StylusConnected.png */,
				3C2F28EE180F341F005F336C /* button-StylusConnected@2x.png */,
				3C2F28EF180F341F005F336C /* button-StylusDisconnected.png */,
				3C2F28F0180F341F005F336C /* button-StylusDisconnected@2x.png */,
				3CDFB5C217B596150077F6F5 /* StylusSettingsButton.h */,
				3CDFB5C317B596150077F6F5 /* StylusSettingsButton.m */,
			);
			name = StylusSettingButton;
			sourceTree = "<group>";
		};
		660A0C4F16E134B900E035B6 /* Images */ = {
			isa = PBXGroup;
			children = (
				3C2F2901180F3AA8005F336C /* button-reset-ruby@2x.png */,
				3C2F2902180F3AA8005F336C /* button-reset@2x.png */,
				3C2F2903180F3AA8005F336C /* button-reset-ruby.png */,
				3C2F2904180F3AA8005F336C /* button-reset.png */,
				3CACC63217BAA8D40066801D /* Adonit_Header.png */,
				3CACC63317BAA8D40066801D /* Adonit_Header@2x.png */,
				66C9A79C16E06A730034AB37 /* Icon-Gradient@2x.png */,
				66C9A79A16E06A6F0034AB37 /* Icon-Gradient.png */,
				66C9A75F16E0644D0034AB37 /* Default.png */,
				66C9A76116E0644D0034AB37 /* Default@2x.png */,
				66C9A76316E0644D0034AB37 /* Default-568h@2x.png */,
			);
			name = Images;
			sourceTree = "<group>";
		};
		66C9A74116E0644C0034AB37 = {
			isa = PBXGroup;
			children = (
				66C9A75316E0644C0034AB37 /* JotTouchExample */,
				66C9A74C16E0644C0034AB37 /* Frameworks */,
				66C9A74B16E0644C0034AB37 /* Products */,
			);
			indentWidth = 4;
			sourceTree = "<group>";
			tabWidth = 4;
		};
		66C9A74B16E0644C0034AB37 /* Products */ = {
			isa = PBXGroup;
			children = (
				66C9A74A16E0644C0034AB37 /* JotTouchExample.app */,
			);
			name = Products;
			sourceTree = "<group>";
		};
		66C9A74C16E0644C0034AB37 /* Frameworks */ = {
			isa = PBXGroup;
			children = (
				D257A3EA17F5EA8100BF17F9 /* CoreMotion.framework */,
				3C4B070117B3F655001D5C7B /* JotTouchSDK.framework */,
				66C9A79716E068A40034AB37 /* QuartzCore.framework */,
				66C9A78D16E068500034AB37 /* OpenGLES.framework */,
				66C9A78B16E0683D0034AB37 /* AudioToolbox.framework */,
				66C9A78716E0682B0034AB37 /* CoreBluetooth.framework */,
				66C9A74D16E0644C0034AB37 /* UIKit.framework */,
				66C9A74F16E0644C0034AB37 /* Foundation.framework */,
				66C9A75116E0644C0034AB37 /* CoreGraphics.framework */,
			);
			name = Frameworks;
			sourceTree = "<group>";
		};
		66C9A75316E0644C0034AB37 /* JotTouchExample */ = {
			isa = PBXGroup;
			children = (
				66C9A78016E066FE0034AB37 /* Categories */,
				66C9A77F16E066910034AB37 /* Smoothing Helpers */,
				66C9A78516E0671F0034AB37 /* SmoothStroke.h */,
				66C9A78616E0671F0034AB37 /* SmoothStroke.m */,
				66C9A77216E064FF0034AB37 /* CanvasView.h */,
				66C9A77316E064FF0034AB37 /* CanvasView.m */,
				66C9A75C16E0644D0034AB37 /* AppDelegate.h */,
				66C9A75D16E0644D0034AB37 /* AppDelegate.m */,
				66C9A76516E0644D0034AB37 /* ViewController.h */,
				66C9A76616E0644D0034AB37 /* ViewController.m */,
				66C9A76816E0644D0034AB37 /* ViewController.xib */,
				3C82355618B40B19009B82C3 /* CustomScrollView.m */,
				3C82355718B40B19009B82C3 /* CustomScrollView.h */,
				A23C5CE31940D8F20081FA32 /* palm.png */,
				A23C5CE51940F3A90081FA32 /* crosshair.png */,
				66C9A75416E0644C0034AB37 /* Supporting Files */,
			);
			path = JotTouchExample;
			sourceTree = "<group>";
		};
		66C9A75416E0644C0034AB37 /* Supporting Files */ = {
			isa = PBXGroup;
			children = (
				3C0D6D101993D91800470BA0 /* JotStatusIndicatorView.h */,
				3C0D6D111993D91800470BA0 /* JotStatusIndicatorView.m */,
				3C82355918B40BCD009B82C3 /* Constants.h */,
				3C6F5B9A17B9587500595435 /* Jot Status Alert HUD */,
				3CDFB5D117B596740077F6F5 /* StylusSettingButton */,
				660A0C4F16E134B900E035B6 /* Images */,
				66C9A75516E0644C0034AB37 /* JotTouchExample-Info.plist */,
				66C9A75616E0644C0034AB37 /* InfoPlist.strings */,
				66C9A75916E0644C0034AB37 /* main.m */,
				66C9A75B16E0644C0034AB37 /* JotTouchExample-Prefix.pch */,
			);
			name = "Supporting Files";
			sourceTree = "<group>";
		};
		66C9A77F16E066910034AB37 /* Smoothing Helpers */ = {
			isa = PBXGroup;
			children = (
				66C9A77516E0668E0034AB37 /* AbstractBezierPathElement.h */,
				66C9A77616E0668E0034AB37 /* AbstractBezierPathElement.m */,
				66C9A77716E0668E0034AB37 /* MoveToPathElement.h */,
				66C9A77816E0668E0034AB37 /* MoveToPathElement.m */,
				66C9A77916E0668E0034AB37 /* LineToPathElement.h */,
				66C9A77A16E0668E0034AB37 /* LineToPathElement.m */,
				66C9A77B16E0668E0034AB37 /* CurveToPathElement.h */,
				66C9A77C16E0668E0034AB37 /* CurveToPathElement.m */,
				66C9A77D16E0668E0034AB37 /* SegmentSmoother.h */,
				66C9A77E16E0668E0034AB37 /* SegmentSmoother.m */,
			);
			name = "Smoothing Helpers";
			sourceTree = "<group>";
		};
		66C9A78016E066FE0034AB37 /* Categories */ = {
			isa = PBXGroup;
			children = (
				66C9A78316E067070034AB37 /* UIColor+Components.h */,
				66C9A78416E067070034AB37 /* UIColor+Components.m */,
			);
			name = Categories;
			sourceTree = "<group>";
		};
/* End PBXGroup section */

/* Begin PBXNativeTarget section */
		66C9A74916E0644C0034AB37 /* JotTouchExample */ = {
			isa = PBXNativeTarget;
			buildConfigurationList = 66C9A76D16E0644D0034AB37 /* Build configuration list for PBXNativeTarget "JotTouchExample" */;
			buildPhases = (
				66C9A74616E0644C0034AB37 /* Sources */,
				66C9A74716E0644C0034AB37 /* Frameworks */,
				66C9A74816E0644C0034AB37 /* Resources */,
			);
			buildRules = (
			);
			dependencies = (
			);
			name = JotTouchExample;
			productName = JotTouchExample;
			productReference = 66C9A74A16E0644C0034AB37 /* JotTouchExample.app */;
			productType = "com.apple.product-type.application";
		};
/* End PBXNativeTarget section */

/* Begin PBXProject section */
		66C9A74216E0644C0034AB37 /* Project object */ = {
			isa = PBXProject;
			attributes = {
				LastUpgradeCheck = 0510;
				ORGANIZATIONNAME = "Adonit, LLC";
			};
			buildConfigurationList = 66C9A74516E0644C0034AB37 /* Build configuration list for PBXProject "JotTouchExample" */;
			compatibilityVersion = "Xcode 3.2";
			developmentRegion = English;
			hasScannedForEncodings = 0;
			knownRegions = (
				en,
			);
			mainGroup = 66C9A74116E0644C0034AB37;
			productRefGroup = 66C9A74B16E0644C0034AB37 /* Products */;
			projectDirPath = "";
			projectRoot = "";
			targets = (
				66C9A74916E0644C0034AB37 /* JotTouchExample */,
			);
		};
/* End PBXProject section */

/* Begin PBXResourcesBuildPhase section */
		66C9A74816E0644C0034AB37 /* Resources */ = {
			isa = PBXResourcesBuildPhase;
			buildActionMask = 2147483647;
			files = (
				66C9A75816E0644C0034AB37 /* InfoPlist.strings in Resources */,
				66C9A76016E0644D0034AB37 /* Default.png in Resources */,
				3C2F2907180F3AA8005F336C /* button-reset-ruby.png in Resources */,
				3C2F28F7180F341F005F336C /* button-gear.png in Resources */,
				3C2F28FA180F341F005F336C /* button-StylusConnected@2x.png in Resources */,
				66C9A76216E0644D0034AB37 /* Default@2x.png in Resources */,
				66C9A76416E0644D0034AB37 /* Default-568h@2x.png in Resources */,
				3C2F2906180F3AA8005F336C /* button-reset@2x.png in Resources */,
				66C9A76A16E0644D0034AB37 /* ViewController.xib in Resources */,
				3C2F28F8180F341F005F336C /* button-gear@2x.png in Resources */,
				66C9A79B16E06A6F0034AB37 /* Icon-Gradient.png in Resources */,
				3C2F2908180F3AA8005F336C /* button-reset.png in Resources */,
				66C9A79D16E06A730034AB37 /* Icon-Gradient@2x.png in Resources */,
				3C2F28F5180F341F005F336C /* button-gear-ruby.png in Resources */,
				3C2F28FB180F341F005F336C /* button-StylusDisconnected.png in Resources */,
				3C2F28F6180F341F005F336C /* button-gear-ruby@2x.png in Resources */,
				3C2F28FC180F341F005F336C /* button-StylusDisconnected@2x.png in Resources */,
				A23C5CE61940F3A90081FA32 /* crosshair.png in Resources */,
				3C2F2905180F3AA8005F336C /* button-reset-ruby@2x.png in Resources */,
				A23C5CE41940D8F20081FA32 /* palm.png in Resources */,
				3CACC63417BAA8D40066801D /* Adonit_Header.png in Resources */,
				3CACC63517BAA8D40066801D /* Adonit_Header@2x.png in Resources */,
				3C2F28F9180F341F005F336C /* button-StylusConnected.png in Resources */,
			);
			runOnlyForDeploymentPostprocessing = 0;
		};
/* End PBXResourcesBuildPhase section */

/* Begin PBXSourcesBuildPhase section */
		66C9A74616E0644C0034AB37 /* Sources */ = {
			isa = PBXSourcesBuildPhase;
			buildActionMask = 2147483647;
			files = (
				66C9A75A16E0644C0034AB37 /* main.m in Sources */,
				66C9A75E16E0644D0034AB37 /* AppDelegate.m in Sources */,
				3C0D6D121993D91800470BA0 /* JotStatusIndicatorView.m in Sources */,
				3C82355818B40B19009B82C3 /* CustomScrollView.m in Sources */,
				66C9A76716E0644D0034AB37 /* ViewController.m in Sources */,
				66C9A79016E068720034AB37 /* UIColor+Components.m in Sources */,
				66C9A78F16E0686E0034AB37 /* SmoothStroke.m in Sources */,
				66C9A77416E064FF0034AB37 /* CanvasView.m in Sources */,
				66C9A79216E0687F0034AB37 /* AbstractBezierPathElement.m in Sources */,
				66C9A79316E0687F0034AB37 /* MoveToPathElement.m in Sources */,
				66C9A79416E0687F0034AB37 /* LineToPathElement.m in Sources */,
				66C9A79516E0687F0034AB37 /* CurveToPathElement.m in Sources */,
				66C9A79616E0687F0034AB37 /* SegmentSmoother.m in Sources */,
				3CDFB5C417B596150077F6F5 /* StylusSettingsButton.m in Sources */,
				3C44744117B92B3C009C8AD2 /* JotTouchStatusHUD.m in Sources */,
			);
			runOnlyForDeploymentPostprocessing = 0;
		};
/* End PBXSourcesBuildPhase section */

/* Begin PBXVariantGroup section */
		66C9A75616E0644C0034AB37 /* InfoPlist.strings */ = {
			isa = PBXVariantGroup;
			children = (
				66C9A75716E0644C0034AB37 /* en */,
			);
			name = InfoPlist.strings;
			sourceTree = "<group>";
		};
		66C9A76816E0644D0034AB37 /* ViewController.xib */ = {
			isa = PBXVariantGroup;
			children = (
				66C9A76916E0644D0034AB37 /* en */,
			);
			name = ViewController.xib;
			sourceTree = "<group>";
		};
/* End PBXVariantGroup section */

/* Begin XCBuildConfiguration section */
		66C9A76B16E0644D0034AB37 /* Debug */ = {
			isa = XCBuildConfiguration;
			buildSettings = {
				ALWAYS_SEARCH_USER_PATHS = NO;
				CLANG_CXX_LANGUAGE_STANDARD = "gnu++0x";
				CLANG_CXX_LIBRARY = "libc++";
				CLANG_ENABLE_OBJC_ARC = YES;
				CLANG_WARN_CONSTANT_CONVERSION = YES;
				CLANG_WARN_EMPTY_BODY = YES;
				CLANG_WARN_ENUM_CONVERSION = YES;
				CLANG_WARN_INT_CONVERSION = YES;
				CLANG_WARN__DUPLICATE_METHOD_MATCH = YES;
				CODE_SIGN_IDENTITY = "iPhone Developer";
				"CODE_SIGN_IDENTITY[sdk=iphoneos*]" = "iPhone Developer";
				COPY_PHASE_STRIP = NO;
				GCC_C_LANGUAGE_STANDARD = gnu99;
				GCC_DYNAMIC_NO_PIC = NO;
				GCC_OPTIMIZATION_LEVEL = 0;
				GCC_PREPROCESSOR_DEFINITIONS = (
					"DEBUG=1",
					"$(inherited)",
				);
				GCC_SYMBOLS_PRIVATE_EXTERN = NO;
				GCC_WARN_ABOUT_RETURN_TYPE = YES;
				GCC_WARN_UNINITIALIZED_AUTOS = YES;
				GCC_WARN_UNUSED_VARIABLE = YES;
				IPHONEOS_DEPLOYMENT_TARGET = 6.1;
				ONLY_ACTIVE_ARCH = YES;
				PROVISIONING_PROFILE = "";
				"PROVISIONING_PROFILE[sdk=iphoneos*]" = "";
				SDKROOT = iphoneos;
				TARGETED_DEVICE_FAMILY = 2;
			};
			name = Debug;
		};
		66C9A76C16E0644D0034AB37 /* Release */ = {
			isa = XCBuildConfiguration;
			buildSettings = {
				ALWAYS_SEARCH_USER_PATHS = NO;
				CLANG_CXX_LANGUAGE_STANDARD = "gnu++0x";
				CLANG_CXX_LIBRARY = "libc++";
				CLANG_ENABLE_OBJC_ARC = YES;
				CLANG_WARN_CONSTANT_CONVERSION = YES;
				CLANG_WARN_EMPTY_BODY = YES;
				CLANG_WARN_ENUM_CONVERSION = YES;
				CLANG_WARN_INT_CONVERSION = YES;
				CLANG_WARN__DUPLICATE_METHOD_MATCH = YES;
				CODE_SIGN_IDENTITY = "iPhone Developer";
				"CODE_SIGN_IDENTITY[sdk=iphoneos*]" = "iPhone Developer";
				COPY_PHASE_STRIP = YES;
				GCC_C_LANGUAGE_STANDARD = gnu99;
				GCC_WARN_ABOUT_RETURN_TYPE = YES;
				GCC_WARN_UNINITIALIZED_AUTOS = YES;
				GCC_WARN_UNUSED_VARIABLE = YES;
				IPHONEOS_DEPLOYMENT_TARGET = 6.1;
				OTHER_CFLAGS = "-DNS_BLOCK_ASSERTIONS=1";
				PROVISIONING_PROFILE = "";
				"PROVISIONING_PROFILE[sdk=iphoneos*]" = "";
				SDKROOT = iphoneos;
				TARGETED_DEVICE_FAMILY = 2;
				VALIDATE_PRODUCT = YES;
			};
			name = Release;
		};
		66C9A76E16E0644D0034AB37 /* Debug */ = {
			isa = XCBuildConfiguration;
			buildSettings = {
				CLANG_STATIC_ANALYZER_MODE = deep;
				CODE_SIGN_IDENTITY = "iPhone Developer";
				"CODE_SIGN_IDENTITY[sdk=iphoneos*]" = "iPhone Developer";
				FRAMEWORK_SEARCH_PATHS = (
					"$(inherited)",
					"\"$(SRCROOT)/..\"",
					"\"$(SRCROOT)\"",
				);
				GCC_PRECOMPILE_PREFIX_HEADER = YES;
				GCC_PREFIX_HEADER = "JotTouchExample/JotTouchExample-Prefix.pch";
				INFOPLIST_FILE = "JotTouchExample/JotTouchExample-Info.plist";
				IPHONEOS_DEPLOYMENT_TARGET = 6.0;
				OTHER_LDFLAGS = (
					"-ObjC",
					"-all_load",
				);
				PRODUCT_NAME = "$(TARGET_NAME)";
				PROVISIONING_PROFILE = "";
				"PROVISIONING_PROFILE[sdk=iphoneos*]" = "";
				RUN_CLANG_STATIC_ANALYZER = YES;
				TARGETED_DEVICE_FAMILY = "1,2";
				WRAPPER_EXTENSION = app;
			};
			name = Debug;
		};
		66C9A76F16E0644D0034AB37 /* Release */ = {
			isa = XCBuildConfiguration;
			buildSettings = {
				CLANG_STATIC_ANALYZER_MODE = deep;
				CODE_SIGN_IDENTITY = "iPhone Developer";
				"CODE_SIGN_IDENTITY[sdk=iphoneos*]" = "iPhone Developer";
				FRAMEWORK_SEARCH_PATHS = (
					"$(inherited)",
					"\"$(SRCROOT)/..\"",
					"\"$(SRCROOT)\"",
				);
				GCC_PRECOMPILE_PREFIX_HEADER = YES;
				GCC_PREFIX_HEADER = "JotTouchExample/JotTouchExample-Prefix.pch";
				INFOPLIST_FILE = "JotTouchExample/JotTouchExample-Info.plist";
				IPHONEOS_DEPLOYMENT_TARGET = 6.0;
				OTHER_LDFLAGS = (
					"-ObjC",
					"-all_load",
				);
				PRODUCT_NAME = "$(TARGET_NAME)";
				PROVISIONING_PROFILE = "";
				"PROVISIONING_PROFILE[sdk=iphoneos*]" = "";
				RUN_CLANG_STATIC_ANALYZER = YES;
				TARGETED_DEVICE_FAMILY = "1,2";
				WRAPPER_EXTENSION = app;
			};
			name = Release;
		};
/* End XCBuildConfiguration section */

/* Begin XCConfigurationList section */
		66C9A74516E0644C0034AB37 /* Build configuration list for PBXProject "JotTouchExample" */ = {
			isa = XCConfigurationList;
			buildConfigurations = (
				66C9A76B16E0644D0034AB37 /* Debug */,
				66C9A76C16E0644D0034AB37 /* Release */,
			);
			defaultConfigurationIsVisible = 0;
			defaultConfigurationName = Release;
		};
		66C9A76D16E0644D0034AB37 /* Build configuration list for PBXNativeTarget "JotTouchExample" */ = {
			isa = XCConfigurationList;
			buildConfigurations = (
				66C9A76E16E0644D0034AB37 /* Debug */,
				66C9A76F16E0644D0034AB37 /* Release */,
			);
			defaultConfigurationIsVisible = 0;
			defaultConfigurationName = Release;
		};
/* End XCConfigurationList section */
	};
	rootObject = 66C9A74216E0644C0034AB37 /* Project object */;
}
